// !$*UTF8*$!
{
	archiveVersion = 1;
	classes = {
	};
	objectVersion = 46;
	objects = {

/* Begin PBXBuildFile section */
		04AB9C2D1D60208A0086712C /* AppDelegate.swift in Sources */ = {isa = PBXBuildFile; fileRef = 04AB9C2C1D60208A0086712C /* AppDelegate.swift */; };
		04AB9C2F1D60208A0086712C /* ViewController.swift in Sources */ = {isa = PBXBuildFile; fileRef = 04AB9C2E1D60208A0086712C /* ViewController.swift */; };
		04AB9C321D60208A0086712C /* Main.storyboard in Resources */ = {isa = PBXBuildFile; fileRef = 04AB9C301D60208A0086712C /* Main.storyboard */; };
		04AB9C341D60208A0086712C /* Assets.xcassets in Resources */ = {isa = PBXBuildFile; fileRef = 04AB9C331D60208A0086712C /* Assets.xcassets */; };
		04AB9C371D60208A0086712C /* LaunchScreen.storyboard in Resources */ = {isa = PBXBuildFile; fileRef = 04AB9C351D60208A0086712C /* LaunchScreen.storyboard */; };
/* End PBXBuildFile section */

/* Begin PBXFileReference section */
		04AB9C291D60208A0086712C /* taipeizoo.app */ = {isa = PBXFileReference; explicitFileType = wrapper.application; includeInIndex = 0; path = taipeizoo.app; sourceTree = BUILT_PRODUCTS_DIR; };
		04AB9C2C1D60208A0086712C /* AppDelegate.swift */ = {isa = PBXFileReference; lastKnownFileType = sourcecode.swift; path = AppDelegate.swift; sourceTree = "<group>"; };
		04AB9C2E1D60208A0086712C /* ViewController.swift */ = {isa = PBXFileReference; lastKnownFileType = sourcecode.swift; path = ViewController.swift; sourceTree = "<group>"; };
		04AB9C311D60208A0086712C /* Base */ = {isa = PBXFileReference; lastKnownFileType = file.storyboard; name = Base; path = Base.lproj/Main.storyboard; sourceTree = "<group>"; };
		04AB9C331D60208A0086712C /* Assets.xcassets */ = {isa = PBXFileReference; lastKnownFileType = folder.assetcatalog; path = Assets.xcassets; sourceTree = "<group>"; };
		04AB9C361D60208A0086712C /* Base */ = {isa = PBXFileReference; lastKnownFileType = file.storyboard; name = Base; path = Base.lproj/LaunchScreen.storyboard; sourceTree = "<group>"; };
		04AB9C381D60208A0086712C /* Info.plist */ = {isa = PBXFileReference; lastKnownFileType = text.plist.xml; path = Info.plist; sourceTree = "<group>"; };
/* End PBXFileReference section */

/* Begin PBXFrameworksBuildPhase section */
		04AB9C261D60208A0086712C /* Frameworks */ = {
			isa = PBXFrameworksBuildPhase;
			buildActionMask = 2147483647;
			files = (
			);
			runOnlyForDeploymentPostprocessing = 0;
		};
/* End PBXFrameworksBuildPhase section */

/* Begin PBXGroup section */
		04AB9C201D60208A0086712C = {
			isa = PBXGroup;
			children = (
				04AB9C2B1D60208A0086712C /* taipeizoo */,
				04AB9C2A1D60208A0086712C /* Products */,
			);
			sourceTree = "<group>";
		};
		04AB9C2A1D60208A0086712C /* Products */ = {
			isa = PBXGroup;
			children = (
				04AB9C291D60208A0086712C /* taipeizoo.app */,
			);
			name = Products;
			sourceTree = "<group>";
		};
		04AB9C2B1D60208A0086712C /* taipeizoo */ = {
			isa = PBXGroup;
			children = (
				04AB9C2C1D60208A0086712C /* AppDelegate.swift */,
				04AB9C2E1D60208A0086712C /* ViewController.swift */,
				04AB9C301D60208A0086712C /* Main.storyboard */,
				04AB9C331D60208A0086712C /* Assets.xcassets */,
				04AB9C351D60208A0086712C /* LaunchScreen.storyboard */,
				04AB9C381D60208A0086712C /* Info.plist */,
			);
			path = taipeizoo;
			sourceTree = "<group>";
		};
/* End PBXGroup section */

/* Begin PBXNativeTarget section */
		04AB9C281D60208A0086712C /* taipeizoo */ = {
			isa = PBXNativeTarget;
			buildConfigurationList = 04AB9C3B1D60208A0086712C /* Build configuration list for PBXNativeTarget "taipeizoo" */;
			buildPhases = (
				04AB9C251D60208A0086712C /* Sources */,
				04AB9C261D60208A0086712C /* Frameworks */,
				04AB9C271D60208A0086712C /* Resources */,
			);
			buildRules = (
			);
			dependencies = (
			);
			name = taipeizoo;
			productName = taipeizoo;
			productReference = 04AB9C291D60208A0086712C /* taipeizoo.app */;
			productType = "com.apple.product-type.application";
		};
/* End PBXNativeTarget section */

/* Begin PBXProject section */
		04AB9C211D60208A0086712C /* Project object */ = {
			isa = PBXProject;
			attributes = {
				LastSwiftUpdateCheck = 0730;
				LastUpgradeCheck = 0730;
				ORGANIZATIONNAME = "Oscar Chen";
				TargetAttributes = {
					04AB9C281D60208A0086712C = {
						CreatedOnToolsVersion = 7.3.1;
						DevelopmentTeam = C57CF3PAAC;
					};
				};
			};
			buildConfigurationList = 04AB9C241D60208A0086712C /* Build configuration list for PBXProject "taipeizoo" */;
			compatibilityVersion = "Xcode 3.2";
			developmentRegion = English;
			hasScannedForEncodings = 0;
			knownRegions = (
				en,
				Base,
			);
			mainGroup = 04AB9C201D60208A0086712C;
			productRefGroup = 04AB9C2A1D60208A0086712C /* Products */;
			projectDirPath = "";
			projectRoot = "";
			targets = (
				04AB9C281D60208A0086712C /* taipeizoo */,
			);
		};
/* End PBXProject section */

/* Begin PBXResourcesBuildPhase section */
		04AB9C271D60208A0086712C /* Resources */ = {
			isa = PBXResourcesBuildPhase;
			buildActionMask = 2147483647;
			files = (
				04AB9C371D60208A0086712C /* LaunchScreen.storyboard in Resources */,
				04AB9C341D60208A0086712C /* Assets.xcassets in Resources */,
				04AB9C321D60208A0086712C /* Main.storyboard in Resources */,
			);
			runOnlyForDeploymentPostprocessing = 0;
		};
/* End PBXResourcesBuildPhase section */

/* Begin PBXSourcesBuildPhase section */
		04AB9C251D60208A0086712C /* Sources */ = {
			isa = PBXSourcesBuildPhase;
			buildActionMask = 2147483647;
			files = (
				04AB9C2F1D60208A0086712C /* ViewController.swift in Sources */,
				04AB9C2D1D60208A0086712C /* AppDelegate.swift in Sources */,
			);
			runOnlyForDeploymentPostprocessing = 0;
		};
/* End PBXSourcesBuildPhase section */

/* Begin PBXVariantGroup section */
		04AB9C301D60208A0086712C /* Main.storyboard */ = {
			isa = PBXVariantGroup;
			children = (
				04AB9C311D60208A0086712C /* Base */,
			);
			name = Main.storyboard;
			sourceTree = "<group>";
		};
		04AB9C351D60208A0086712C /* LaunchScreen.storyboard */ = {
			isa = PBXVariantGroup;
			children = (
				04AB9C361D60208A0086712C /* Base */,
			);
			name = LaunchScreen.storyboard;
			sourceTree = "<group>";
		};
/* End PBXVariantGroup section */

/* Begin XCBuildConfiguration section */
		04AB9C391D60208A0086712C /* Debug */ = {
			isa = XCBuildConfiguration;
			buildSettings = {
				ALWAYS_SEARCH_USER_PATHS = NO;
				CLANG_ANALYZER_NONNULL = YES;
				CLANG_CXX_LANGUAGE_STANDARD = "gnu++0x";
				CLANG_CXX_LIBRARY = "libc++";
				CLANG_ENABLE_MODULES = YES;
				CLANG_ENABLE_OBJC_ARC = YES;
				CLANG_WARN_BOOL_CONVERSION = YES;
				CLANG_WARN_CONSTANT_CONVERSION = YES;
				CLANG_WARN_DIRECT_OBJC_ISA_USAGE = YES_ERROR;
				CLANG_WARN_EMPTY_BODY = YES;
				CLANG_WARN_ENUM_CONVERSION = YES;
				CLANG_WARN_INT_CONVERSION = YES;
				CLANG_WARN_OBJC_ROOT_CLASS = YES_ERROR;
				CLANG_WARN_UNREACHABLE_CODE = YES;
				CLANG_WARN__DUPLICATE_METHOD_MATCH = YES;
				"CODE_SIGN_IDENTITY[sdk=iphoneos*]" = "iPhone Developer";
				COPY_PHASE_STRIP = NO;
				DEBUG_INFORMATION_FORMAT = dwarf;
				ENABLE_STRICT_OBJC_MSGSEND = YES;
				ENABLE_TESTABILITY = YES;
				GCC_C_LANGUAGE_STANDARD = gnu99;
				GCC_DYNAMIC_NO_PIC = NO;
				GCC_NO_COMMON_BLOCKS = YES;
				GCC_OPTIMIZATION_LEVEL = 0;
				GCC_PREPROCESSOR_DEFINITIONS = (
					"DEBUG=1",
					"$(inherited)",
				);
				GCC_WARN_64_TO_32_BIT_CONVERSION = YES;
				GCC_WARN_ABOUT_RETURN_TYPE = YES_ERROR;
				GCC_WARN_UNDECLARED_SELECTOR = YES;
				GCC_WARN_UNINITIALIZED_AUTOS = YES_AGGRESSIVE;
				GCC_WARN_UNUSED_FUNCTION = YES;
				GCC_WARN_UNUSED_VARIABLE = YES;
				IPHONEOS_DEPLOYMENT_TARGET = 9.3;
				MTL_ENABLE_DEBUG_INFO = YES;
				ONLY_ACTIVE_ARCH = YES;
				SDKROOT = iphoneos;
				SWIFT_OPTIMIZATION_LEVEL = "-Onone";
			};
			name = Debug;
		};
		04AB9C3A1D60208A0086712C /* Release */ = {
			isa = XCBuildConfiguration;
			buildSettings = {
				ALWAYS_SEARCH_USER_PATHS = NO;
				CLANG_ANALYZER_NONNULL = YES;
				CLANG_CXX_LANGUAGE_STANDARD = "gnu++0x";
				CLANG_CXX_LIBRARY = "libc++";
				CLANG_ENABLE_MODULES = YES;
				CLANG_ENABLE_OBJC_ARC = YES;
				CLANG_WARN_BOOL_CONVERSION = YES;
				CLANG_WARN_CONSTANT_CONVERSION = YES;
				CLANG_WARN_DIRECT_OBJC_ISA_USAGE = YES_ERROR;
				CLANG_WARN_EMPTY_BODY = YES;
				CLANG_WARN_ENUM_CONVERSION = YES;
				CLANG_WARN_INT_CONVERSION = YES;
				CLANG_WARN_OBJC_ROOT_CLASS = YES_ERROR;
				CLANG_WARN_UNREACHABLE_CODE = YES;
				CLANG_WARN__DUPLICATE_METHOD_MATCH = YES;
				"CODE_SIGN_IDENTITY[sdk=iphoneos*]" = "iPhone Developer";
				COPY_PHASE_STRIP = NO;
				DEBUG_INFORMATION_FORMAT = "dwarf-with-dsym";
				ENABLE_NS_ASSERTIONS = NO;
				ENABLE_STRICT_OBJC_MSGSEND = YES;
				GCC_C_LANGUAGE_STANDARD = gnu99;
				GCC_NO_COMMON_BLOCKS = YES;
				GCC_WARN_64_TO_32_BIT_CONVERSION = YES;
				GCC_WARN_ABOUT_RETURN_TYPE = YES_ERROR;
				GCC_WARN_UNDECLARED_SELECTOR = YES;
				GCC_WARN_UNINITIALIZED_AUTOS = YES_AGGRESSIVE;
				GCC_WARN_UNUSED_FUNCTION = YES;
				GCC_WARN_UNUSED_VARIABLE = YES;
				IPHONEOS_DEPLOYMENT_TARGET = 9.3;
				MTL_ENABLE_DEBUG_INFO = NO;
				SDKROOT = iphoneos;
				VALIDATE_PRODUCT = YES;
			};
			name = Release;
		};
		04AB9C3C1D60208A0086712C /* Debug */ = {
			isa = XCBuildConfiguration;
			buildSettings = {
				ASSETCATALOG_COMPILER_APPICON_NAME = AppIcon;
				INFOPLIST_FILE = taipeizoo/Info.plist;
				LD_RUNPATH_SEARCH_PATHS = "$(inherited) @executable_path/Frameworks";
				PRODUCT_BUNDLE_IDENTIFIER = com.oscar0622.taipeizoo;
				PRODUCT_NAME = "$(TARGET_NAME)";
			};
			name = Debug;
		};
		04AB9C3D1D60208A0086712C /* Release */ = {
			isa = XCBuildConfiguration;
			buildSettings = {
				ASSETCATALOG_COMPILER_APPICON_NAME = AppIcon;
				INFOPLIST_FILE = taipeizoo/Info.plist;
				LD_RUNPATH_SEARCH_PATHS = "$(inherited) @executable_path/Frameworks";
				PRODUCT_BUNDLE_IDENTIFIER = com.oscar0622.taipeizoo;
				PRODUCT_NAME = "$(TARGET_NAME)";
			};
			name = Release;
		};
/* End XCBuildConfiguration section */

/* Begin XCConfigurationList section */
		04AB9C241D60208A0086712C /* Build configuration list for PBXProject "taipeizoo" */ = {
			isa = XCConfigurationList;
			buildConfigurations = (
				04AB9C391D60208A0086712C /* Debug */,
				04AB9C3A1D60208A0086712C /* Release */,
			);
			defaultConfigurationIsVisible = 0;
			defaultConfigurationName = Release;
		};
		04AB9C3B1D60208A0086712C /* Build configuration list for PBXNativeTarget "taipeizoo" */ = {
			isa = XCConfigurationList;
			buildConfigurations = (
				04AB9C3C1D60208A0086712C /* Debug */,
				04AB9C3D1D60208A0086712C /* Release */,
			);
			defaultConfigurationIsVisible = 0;
		};
/* End XCConfigurationList section */
	};
	rootObject = 04AB9C211D60208A0086712C /* Project object */;
}
